
Microsoft Visual Studio Solution File, Format Version 11.00
# Visual Studio 2010
Project("{FAE04EC0-301F-11D3-BF4B-00C04F79EFBC}") = "TP-C-sharp-Array-Ref", "TP-C-sharp-Array-Ref\TP-C-sharp-Array-Ref.csproj", "{9C1843D8-AB4C-411F-9CDD-3712F09EA305}"
EndProject
Global
	GlobalSection(SolutionConfigurationPlatforms) = preSolution
		Debug|x86 = Debug|x86
		Release|x86 = Release|x86
	EndGlobalSection
	GlobalSection(ProjectConfigurationPlatforms) = postSolution
		{9C1843D8-AB4C-411F-9CDD-3712F09EA305}.Debug|x86.ActiveCfg = Debug|x86
		{9C1843D8-AB4C-411F-9CDD-3712F09EA305}.Debug|x86.Build.0 = Debug|x86
		{9C1843D8-AB4C-411F-9CDD-3712F09EA305}.Release|x86.ActiveCfg = Release|x86
		{9C1843D8-AB4C-411F-9CDD-3712F09EA305}.Release|x86.Build.0 = Release|x86
	EndGlobalSection
	GlobalSection(SolutionProperties) = preSolution
		HideSolutionNode = FALSE
	EndGlobalSection
EndGlobal
